
Microsoft Visual Studio Solution File, Format Version 12.00
# Visual Studio 2013
VisualStudioVersion = 12.0.31101.0
MinimumVisualStudioVersion = 10.0.40219.1
Project("{FAE04EC0-301F-11D3-BF4B-00C04F79EFBC}") = "RD.LMS", "RD.LMS\RD.LMS.csproj", "{CF833420-FD83-4ED7-AB78-FF9D40538223}"
EndProject
Project("{FAE04EC0-301F-11D3-BF4B-00C04F79EFBC}") = "RD.Entities", "RD.Entities\RD.Entities.csproj", "{FA8DD968-901F-4D07-8D99-D9397C5CDDE6}"
EndProject
Global
	GlobalSection(SolutionConfigurationPlatforms) = preSolution
		Debug|Any CPU = Debug|Any CPU
		Release|Any CPU = Release|Any CPU
	EndGlobalSection
	GlobalSection(ProjectConfigurationPlatforms) = postSolution
		{CF833420-FD83-4ED7-AB78-FF9D40538223}.Debug|Any CPU.ActiveCfg = Debug|Any CPU
		{CF833420-FD83-4ED7-AB78-FF9D40538223}.Debug|Any CPU.Build.0 = Debug|Any CPU
		{CF833420-FD83-4ED7-AB78-FF9D40538223}.Release|Any CPU.ActiveCfg = Release|Any CPU
		{CF833420-FD83-4ED7-AB78-FF9D40538223}.Release|Any CPU.Build.0 = Release|Any CPU
		{FA8DD968-901F-4D07-8D99-D9397C5CDDE6}.Debug|Any CPU.ActiveCfg = Debug|Any CPU
		{FA8DD968-901F-4D07-8D99-D9397C5CDDE6}.Release|Any CPU.ActiveCfg = Release|Any CPU
		{FA8DD968-901F-4D07-8D99-D9397C5CDDE6}.Release|Any CPU.Build.0 = Release|Any CPU
	EndGlobalSection
	GlobalSection(SolutionProperties) = preSolution
		HideSolutionNode = FALSE
	EndGlobalSection
EndGlobal
